// !$*UTF8*$!
{
	archiveVersion = 1;
	classes = {
	};
	objectVersion = 55;
	objects = {

/* Begin PBXBuildFile section */
		706CB8F72911C66D006C691B /* AppDelegate.swift in Sources */ = {isa = PBXBuildFile; fileRef = 706CB8F62911C66D006C691B /* AppDelegate.swift */; };
		706CB8F92911C66D006C691B /* SceneDelegate.swift in Sources */ = {isa = PBXBuildFile; fileRef = 706CB8F82911C66D006C691B /* SceneDelegate.swift */; };
		706CB8FE2911C66D006C691B /* Main.storyboard in Resources */ = {isa = PBXBuildFile; fileRef = 706CB8FC2911C66D006C691B /* Main.storyboard */; };
		706CB9012911C66D006C691B /* Philosophy101OfflineEdition.xcdatamodeld in Sources */ = {isa = PBXBuildFile; fileRef = 706CB8FF2911C66D006C691B /* Philosophy101OfflineEdition.xcdatamodeld */; };
		706CB9032911C66F006C691B /* Assets.xcassets in Resources */ = {isa = PBXBuildFile; fileRef = 706CB9022911C66F006C691B /* Assets.xcassets */; };
		706CB9062911C66F006C691B /* LaunchScreen.storyboard in Resources */ = {isa = PBXBuildFile; fileRef = 706CB9042911C66F006C691B /* LaunchScreen.storyboard */; };
		706CB90E2911C69F006C691B /* akimlar.swift in Sources */ = {isa = PBXBuildFile; fileRef = 706CB90D2911C69F006C691B /* akimlar.swift */; };
		706CB9122911C76A006C691B /* datafactory.swift in Sources */ = {isa = PBXBuildFile; fileRef = 706CB9112911C76A006C691B /* datafactory.swift */; };
		706CB9162911CC41006C691B /* akimdata.csv in Resources */ = {isa = PBXBuildFile; fileRef = 706CB9152911CC41006C691B /* akimdata.csv */; };
		706CB9182911CEB1006C691B /* akimDetailVC.swift in Sources */ = {isa = PBXBuildFile; fileRef = 706CB9172911CEB1006C691B /* akimDetailVC.swift */; };
		70ECD84C2912B21C00A7B99F /* PhiVC.swift in Sources */ = {isa = PBXBuildFile; fileRef = 70ECD84B2912B21C00A7B99F /* PhiVC.swift */; };
		70ECD84E2912B68000A7B99F /* phidetailVC.swift in Sources */ = {isa = PBXBuildFile; fileRef = 70ECD84D2912B68000A7B99F /* phidetailVC.swift */; };
		70ECD8502912BD4C00A7B99F /* datafactory2.swift in Sources */ = {isa = PBXBuildFile; fileRef = 70ECD84F2912BD4C00A7B99F /* datafactory2.swift */; };
		70ECD8522912C12900A7B99F /* phidata.csv in Resources */ = {isa = PBXBuildFile; fileRef = 70ECD8512912C12900A7B99F /* phidata.csv */; };
/* End PBXBuildFile section */

/* Begin PBXFileReference section */
		706CB8F32911C66D006C691B /* Philosophy101OfflineEdition.app */ = {isa = PBXFileReference; explicitFileType = wrapper.application; includeInIndex = 0; path = Philosophy101OfflineEdition.app; sourceTree = BUILT_PRODUCTS_DIR; };
		706CB8F62911C66D006C691B /* AppDelegate.swift */ = {isa = PBXFileReference; lastKnownFileType = sourcecode.swift; path = AppDelegate.swift; sourceTree = "<group>"; };
		706CB8F82911C66D006C691B /* SceneDelegate.swift */ = {isa = PBXFileReference; lastKnownFileType = sourcecode.swift; path = SceneDelegate.swift; sourceTree = "<group>"; };
		706CB8FD2911C66D006C691B /* Base */ = {isa = PBXFileReference; lastKnownFileType = file.storyboard; name = Base; path = Base.lproj/Main.storyboard; sourceTree = "<group>"; };
		706CB9002911C66D006C691B /* Philosophy101OfflineEdition.xcdatamodel */ = {isa = PBXFileReference; lastKnownFileType = wrapper.xcdatamodel; path = Philosophy101OfflineEdition.xcdatamodel; sourceTree = "<group>"; };
		706CB9022911C66F006C691B /* Assets.xcassets */ = {isa = PBXFileReference; lastKnownFileType = folder.assetcatalog; path = Assets.xcassets; sourceTree = "<group>"; };
		706CB9052911C66F006C691B /* Base */ = {isa = PBXFileReference; lastKnownFileType = file.storyboard; name = Base; path = Base.lproj/LaunchScreen.storyboard; sourceTree = "<group>"; };
		706CB9072911C66F006C691B /* Info.plist */ = {isa = PBXFileReference; lastKnownFileType = text.plist.xml; path = Info.plist; sourceTree = "<group>"; };
		706CB90D2911C69F006C691B /* akimlar.swift */ = {isa = PBXFileReference; lastKnownFileType = sourcecode.swift; path = akimlar.swift; sourceTree = "<group>"; };
		706CB9112911C76A006C691B /* datafactory.swift */ = {isa = PBXFileReference; lastKnownFileType = sourcecode.swift; path = datafactory.swift; sourceTree = "<group>"; };
		706CB9152911CC41006C691B /* akimdata.csv */ = {isa = PBXFileReference; fileEncoding = 4; lastKnownFileType = text; path = akimdata.csv; sourceTree = "<group>"; };
		706CB9172911CEB1006C691B /* akimDetailVC.swift */ = {isa = PBXFileReference; lastKnownFileType = sourcecode.swift; path = akimDetailVC.swift; sourceTree = "<group>"; };
		70ECD84B2912B21C00A7B99F /* PhiVC.swift */ = {isa = PBXFileReference; lastKnownFileType = sourcecode.swift; path = PhiVC.swift; sourceTree = "<group>"; };
		70ECD84D2912B68000A7B99F /* phidetailVC.swift */ = {isa = PBXFileReference; lastKnownFileType = sourcecode.swift; path = phidetailVC.swift; sourceTree = "<group>"; };
		70ECD84F2912BD4C00A7B99F /* datafactory2.swift */ = {isa = PBXFileReference; lastKnownFileType = sourcecode.swift; path = datafactory2.swift; sourceTree = "<group>"; };
		70ECD8512912C12900A7B99F /* phidata.csv */ = {isa = PBXFileReference; fileEncoding = 4; lastKnownFileType = text; path = phidata.csv; sourceTree = "<group>"; };
/* End PBXFileReference section */

/* Begin PBXFrameworksBuildPhase section */
		706CB8F02911C66D006C691B /* Frameworks */ = {
			isa = PBXFrameworksBuildPhase;
			buildActionMask = 2147483647;
			files = (
			);
			runOnlyForDeploymentPostprocessing = 0;
		};
/* End PBXFrameworksBuildPhase section */

/* Begin PBXGroup section */
		706CB8EA2911C66D006C691B = {
			isa = PBXGroup;
			children = (
				706CB8F52911C66D006C691B /* Philosophy101OfflineEdition */,
				706CB8F42911C66D006C691B /* Products */,
			);
			sourceTree = "<group>";
		};
		706CB8F42911C66D006C691B /* Products */ = {
			isa = PBXGroup;
			children = (
				706CB8F32911C66D006C691B /* Philosophy101OfflineEdition.app */,
			);
			name = Products;
			sourceTree = "<group>";
		};
		706CB8F52911C66D006C691B /* Philosophy101OfflineEdition */ = {
			isa = PBXGroup;
			children = (
				706CB8F62911C66D006C691B /* AppDelegate.swift */,
				706CB8F82911C66D006C691B /* SceneDelegate.swift */,
				706CB90D2911C69F006C691B /* akimlar.swift */,
				70ECD84B2912B21C00A7B99F /* PhiVC.swift */,
				70ECD84D2912B68000A7B99F /* phidetailVC.swift */,
				706CB9112911C76A006C691B /* datafactory.swift */,
				70ECD84F2912BD4C00A7B99F /* datafactory2.swift */,
				706CB9172911CEB1006C691B /* akimDetailVC.swift */,
				706CB8FC2911C66D006C691B /* Main.storyboard */,
				706CB9022911C66F006C691B /* Assets.xcassets */,
				706CB9042911C66F006C691B /* LaunchScreen.storyboard */,
				706CB9072911C66F006C691B /* Info.plist */,
				706CB8FF2911C66D006C691B /* Philosophy101OfflineEdition.xcdatamodeld */,
				706CB9152911CC41006C691B /* akimdata.csv */,
				70ECD8512912C12900A7B99F /* phidata.csv */,
			);
			path = Philosophy101OfflineEdition;
			sourceTree = "<group>";
		};
/* End PBXGroup section */

/* Begin PBXNativeTarget section */
		706CB8F22911C66D006C691B /* Philosophy101OfflineEdition */ = {
			isa = PBXNativeTarget;
			buildConfigurationList = 706CB90A2911C66F006C691B /* Build configuration list for PBXNativeTarget "Philosophy101OfflineEdition" */;
			buildPhases = (
				706CB8EF2911C66D006C691B /* Sources */,
				706CB8F02911C66D006C691B /* Frameworks */,
				706CB8F12911C66D006C691B /* Resources */,
			);
			buildRules = (
			);
			dependencies = (
			);
			name = Philosophy101OfflineEdition;
			productName = Philosophy101OfflineEdition;
			productReference = 706CB8F32911C66D006C691B /* Philosophy101OfflineEdition.app */;
			productType = "com.apple.product-type.application";
		};
/* End PBXNativeTarget section */

/* Begin PBXProject section */
		706CB8EB2911C66D006C691B /* Project object */ = {
			isa = PBXProject;
			attributes = {
				BuildIndependentTargetsInParallel = 1;
				LastSwiftUpdateCheck = 1340;
				LastUpgradeCheck = 1340;
				TargetAttributes = {
					706CB8F22911C66D006C691B = {
						CreatedOnToolsVersion = 13.4.1;
					};
				};
			};
			buildConfigurationList = 706CB8EE2911C66D006C691B /* Build configuration list for PBXProject "Philosophy101OfflineEdition" */;
			compatibilityVersion = "Xcode 13.0";
			developmentRegion = en;
			hasScannedForEncodings = 0;
			knownRegions = (
				en,
				Base,
			);
			mainGroup = 706CB8EA2911C66D006C691B;
			productRefGroup = 706CB8F42911C66D006C691B /* Products */;
			projectDirPath = "";
			projectRoot = "";
			targets = (
				706CB8F22911C66D006C691B /* Philosophy101OfflineEdition */,
			);
		};
/* End PBXProject section */

/* Begin PBXResourcesBuildPhase section */
		706CB8F12911C66D006C691B /* Resources */ = {
			isa = PBXResourcesBuildPhase;
			buildActionMask = 2147483647;
			files = (
				706CB9062911C66F006C691B /* LaunchScreen.storyboard in Resources */,
				70ECD8522912C12900A7B99F /* phidata.csv in Resources */,
				706CB9032911C66F006C691B /* Assets.xcassets in Resources */,
				706CB9162911CC41006C691B /* akimdata.csv in Resources */,
				706CB8FE2911C66D006C691B /* Main.storyboard in Resources */,
			);
			runOnlyForDeploymentPostprocessing = 0;
		};
/* End PBXResourcesBuildPhase section */

/* Begin PBXSourcesBuildPhase section */
		706CB8EF2911C66D006C691B /* Sources */ = {
			isa = PBXSourcesBuildPhase;
			buildActionMask = 2147483647;
			files = (
				70ECD84C2912B21C00A7B99F /* PhiVC.swift in Sources */,
				70ECD84E2912B68000A7B99F /* phidetailVC.swift in Sources */,
				706CB9012911C66D006C691B /* Philosophy101OfflineEdition.xcdatamodeld in Sources */,
				706CB9122911C76A006C691B /* datafactory.swift in Sources */,
				706CB90E2911C69F006C691B /* akimlar.swift in Sources */,
				70ECD8502912BD4C00A7B99F /* datafactory2.swift in Sources */,
				706CB8F72911C66D006C691B /* AppDelegate.swift in Sources */,
				706CB9182911CEB1006C691B /* akimDetailVC.swift in Sources */,
				706CB8F92911C66D006C691B /* SceneDelegate.swift in Sources */,
			);
			runOnlyForDeploymentPostprocessing = 0;
		};
/* End PBXSourcesBuildPhase section */

/* Begin PBXVariantGroup section */
		706CB8FC2911C66D006C691B /* Main.storyboard */ = {
			isa = PBXVariantGroup;
			children = (
				706CB8FD2911C66D006C691B /* Base */,
			);
			name = Main.storyboard;
			sourceTree = "<group>";
		};
		706CB9042911C66F006C691B /* LaunchScreen.storyboard */ = {
			isa = PBXVariantGroup;
			children = (
				706CB9052911C66F006C691B /* Base */,
			);
			name = LaunchScreen.storyboard;
			sourceTree = "<group>";
		};
/* End PBXVariantGroup section */

/* Begin XCBuildConfiguration section */
		706CB9082911C66F006C691B /* Debug */ = {
			isa = XCBuildConfiguration;
			buildSettings = {
				ALWAYS_SEARCH_USER_PATHS = NO;
				CLANG_ANALYZER_NONNULL = YES;
				CLANG_ANALYZER_NUMBER_OBJECT_CONVERSION = YES_AGGRESSIVE;
				CLANG_CXX_LANGUAGE_STANDARD = "gnu++17";
				CLANG_ENABLE_MODULES = YES;
				CLANG_ENABLE_OBJC_ARC = YES;
				CLANG_ENABLE_OBJC_WEAK = YES;
				CLANG_WARN_BLOCK_CAPTURE_AUTORELEASING = YES;
				CLANG_WARN_BOOL_CONVERSION = YES;
				CLANG_WARN_COMMA = YES;
				CLANG_WARN_CONSTANT_CONVERSION = YES;
				CLANG_WARN_DEPRECATED_OBJC_IMPLEMENTATIONS = YES;
				CLANG_WARN_DIRECT_OBJC_ISA_USAGE = YES_ERROR;
				CLANG_WARN_DOCUMENTATION_COMMENTS = YES;
				CLANG_WARN_EMPTY_BODY = YES;
				CLANG_WARN_ENUM_CONVERSION = YES;
				CLANG_WARN_INFINITE_RECURSION = YES;
				CLANG_WARN_INT_CONVERSION = YES;
				CLANG_WARN_NON_LITERAL_NULL_CONVERSION = YES;
				CLANG_WARN_OBJC_IMPLICIT_RETAIN_SELF = YES;
				CLANG_WARN_OBJC_LITERAL_CONVERSION = YES;
				CLANG_WARN_OBJC_ROOT_CLASS = YES_ERROR;
				CLANG_WARN_QUOTED_INCLUDE_IN_FRAMEWORK_HEADER = YES;
				CLANG_WARN_RANGE_LOOP_ANALYSIS = YES;
				CLANG_WARN_STRICT_PROTOTYPES = YES;
				CLANG_WARN_SUSPICIOUS_MOVE = YES;
				CLANG_WARN_UNGUARDED_AVAILABILITY = YES_AGGRESSIVE;
				CLANG_WARN_UNREACHABLE_CODE = YES;
				CLANG_WARN__DUPLICATE_METHOD_MATCH = YES;
				COPY_PHASE_STRIP = NO;
				DEBUG_INFORMATION_FORMAT = dwarf;
				ENABLE_STRICT_OBJC_MSGSEND = YES;
				ENABLE_TESTABILITY = YES;
				GCC_C_LANGUAGE_STANDARD = gnu11;
				GCC_DYNAMIC_NO_PIC = NO;
				GCC_NO_COMMON_BLOCKS = YES;
				GCC_OPTIMIZATION_LEVEL = 0;
				GCC_PREPROCESSOR_DEFINITIONS = (
					"DEBUG=1",
					"$(inherited)",
				);
				GCC_WARN_64_TO_32_BIT_CONVERSION = YES;
				GCC_WARN_ABOUT_RETURN_TYPE = YES_ERROR;
				GCC_WARN_UNDECLARED_SELECTOR = YES;
				GCC_WARN_UNINITIALIZED_AUTOS = YES_AGGRESSIVE;
				GCC_WARN_UNUSED_FUNCTION = YES;
				GCC_WARN_UNUSED_VARIABLE = YES;
				IPHONEOS_DEPLOYMENT_TARGET = 15.5;
				MTL_ENABLE_DEBUG_INFO = INCLUDE_SOURCE;
				MTL_FAST_MATH = YES;
				ONLY_ACTIVE_ARCH = YES;
				SDKROOT = iphoneos;
				SWIFT_ACTIVE_COMPILATION_CONDITIONS = DEBUG;
				SWIFT_OPTIMIZATION_LEVEL = "-Onone";
			};
			name = Debug;
		};
		706CB9092911C66F006C691B /* Release */ = {
			isa = XCBuildConfiguration;
			buildSettings = {
				ALWAYS_SEARCH_USER_PATHS = NO;
				CLANG_ANALYZER_NONNULL = YES;
				CLANG_ANALYZER_NUMBER_OBJECT_CONVERSION = YES_AGGRESSIVE;
				CLANG_CXX_LANGUAGE_STANDARD = "gnu++17";
				CLANG_ENABLE_MODULES = YES;
				CLANG_ENABLE_OBJC_ARC = YES;
				CLANG_ENABLE_OBJC_WEAK = YES;
				CLANG_WARN_BLOCK_CAPTURE_AUTORELEASING = YES;
				CLANG_WARN_BOOL_CONVERSION = YES;
				CLANG_WARN_COMMA = YES;
				CLANG_WARN_CONSTANT_CONVERSION = YES;
				CLANG_WARN_DEPRECATED_OBJC_IMPLEMENTATIONS = YES;
				CLANG_WARN_DIRECT_OBJC_ISA_USAGE = YES_ERROR;
				CLANG_WARN_DOCUMENTATION_COMMENTS = YES;
				CLANG_WARN_EMPTY_BODY = YES;
				CLANG_WARN_ENUM_CONVERSION = YES;
				CLANG_WARN_INFINITE_RECURSION = YES;
				CLANG_WARN_INT_CONVERSION = YES;
				CLANG_WARN_NON_LITERAL_NULL_CONVERSION = YES;
				CLANG_WARN_OBJC_IMPLICIT_RETAIN_SELF = YES;
				CLANG_WARN_OBJC_LITERAL_CONVERSION = YES;
				CLANG_WARN_OBJC_ROOT_CLASS = YES_ERROR;
				CLANG_WARN_QUOTED_INCLUDE_IN_FRAMEWORK_HEADER = YES;
				CLANG_WARN_RANGE_LOOP_ANALYSIS = YES;
				CLANG_WARN_STRICT_PROTOTYPES = YES;
				CLANG_WARN_SUSPICIOUS_MOVE = YES;
				CLANG_WARN_UNGUARDED_AVAILABILITY = YES_AGGRESSIVE;
				CLANG_WARN_UNREACHABLE_CODE = YES;
				CLANG_WARN__DUPLICATE_METHOD_MATCH = YES;
				COPY_PHASE_STRIP = NO;
				DEBUG_INFORMATION_FORMAT = "dwarf-with-dsym";
				ENABLE_NS_ASSERTIONS = NO;
				ENABLE_STRICT_OBJC_MSGSEND = YES;
				GCC_C_LANGUAGE_STANDARD = gnu11;
				GCC_NO_COMMON_BLOCKS = YES;
				GCC_WARN_64_TO_32_BIT_CONVERSION = YES;
				GCC_WARN_ABOUT_RETURN_TYPE = YES_ERROR;
				GCC_WARN_UNDECLARED_SELECTOR = YES;
				GCC_WARN_UNINITIALIZED_AUTOS = YES_AGGRESSIVE;
				GCC_WARN_UNUSED_FUNCTION = YES;
				GCC_WARN_UNUSED_VARIABLE = YES;
				IPHONEOS_DEPLOYMENT_TARGET = 15.5;
				MTL_ENABLE_DEBUG_INFO = NO;
				MTL_FAST_MATH = YES;
				SDKROOT = iphoneos;
				SWIFT_COMPILATION_MODE = wholemodule;
				SWIFT_OPTIMIZATION_LEVEL = "-O";
				VALIDATE_PRODUCT = YES;
			};
			name = Release;
		};
		706CB90B2911C66F006C691B /* Debug */ = {
			isa = XCBuildConfiguration;
			buildSettings = {
				ASSETCATALOG_COMPILER_APPICON_NAME = AppIcon;
				ASSETCATALOG_COMPILER_GLOBAL_ACCENT_COLOR_NAME = AccentColor;
				CODE_SIGN_STYLE = Automatic;
				CURRENT_PROJECT_VERSION = 1;
				DEVELOPMENT_TEAM = 238TPVKRS3;
				GENERATE_INFOPLIST_FILE = YES;
				INFOPLIST_FILE = Philosophy101OfflineEdition/Info.plist;
				INFOPLIST_KEY_UIApplicationSupportsIndirectInputEvents = YES;
				INFOPLIST_KEY_UILaunchStoryboardName = LaunchScreen;
				INFOPLIST_KEY_UIMainStoryboardFile = Main;
				INFOPLIST_KEY_UISupportedInterfaceOrientations_iPad = "UIInterfaceOrientationPortrait UIInterfaceOrientationPortraitUpsideDown UIInterfaceOrientationLandscapeLeft UIInterfaceOrientationLandscapeRight";
				INFOPLIST_KEY_UISupportedInterfaceOrientations_iPhone = "UIInterfaceOrientationPortrait UIInterfaceOrientationLandscapeLeft UIInterfaceOrientationLandscapeRight";
				LD_RUNPATH_SEARCH_PATHS = (
					"$(inherited)",
					"@executable_path/Frameworks",
				);
				MARKETING_VERSION = 1.0;
				PRODUCT_BUNDLE_IDENTIFIER = com.ibrahimgok.Philosophy101OfflineEdition;
				PRODUCT_NAME = "$(TARGET_NAME)";
				SWIFT_EMIT_LOC_STRINGS = YES;
				SWIFT_VERSION = 5.0;
				TARGETED_DEVICE_FAMILY = "1,2";
			};
			name = Debug;
		};
		706CB90C2911C66F006C691B /* Release */ = {
			isa = XCBuildConfiguration;
			buildSettings = {
				ASSETCATALOG_COMPILER_APPICON_NAME = AppIcon;
				ASSETCATALOG_COMPILER_GLOBAL_ACCENT_COLOR_NAME = AccentColor;
				CODE_SIGN_STYLE = Automatic;
				CURRENT_PROJECT_VERSION = 1;
				DEVELOPMENT_TEAM = 238TPVKRS3;
				GENERATE_INFOPLIST_FILE = YES;
				INFOPLIST_FILE = Philosophy101OfflineEdition/Info.plist;
				INFOPLIST_KEY_UIApplicationSupportsIndirectInputEvents = YES;
				INFOPLIST_KEY_UILaunchStoryboardName = LaunchScreen;
				INFOPLIST_KEY_UIMainStoryboardFile = Main;
				INFOPLIST_KEY_UISupportedInterfaceOrientations_iPad = "UIInterfaceOrientationPortrait UIInterfaceOrientationPortraitUpsideDown UIInterfaceOrientationLandscapeLeft UIInterfaceOrientationLandscapeRight";
				INFOPLIST_KEY_UISupportedInterfaceOrientations_iPhone = "UIInterfaceOrientationPortrait UIInterfaceOrientationLandscapeLeft UIInterfaceOrientationLandscapeRight";
				LD_RUNPATH_SEARCH_PATHS = (
					"$(inherited)",
					"@executable_path/Frameworks",
				);
				MARKETING_VERSION = 1.0;
				PRODUCT_BUNDLE_IDENTIFIER = com.ibrahimgok.Philosophy101OfflineEdition;
				PRODUCT_NAME = "$(TARGET_NAME)";
				SWIFT_EMIT_LOC_STRINGS = YES;
				SWIFT_VERSION = 5.0;
				TARGETED_DEVICE_FAMILY = "1,2";
			};
			name = Release;
		};
/* End XCBuildConfiguration section */

/* Begin XCConfigurationList section */
		706CB8EE2911C66D006C691B /* Build configuration list for PBXProject "Philosophy101OfflineEdition" */ = {
			isa = XCConfigurationList;
			buildConfigurations = (
				706CB9082911C66F006C691B /* Debug */,
				706CB9092911C66F006C691B /* Release */,
			);
			defaultConfigurationIsVisible = 0;
			defaultConfigurationName = Release;
		};
		706CB90A2911C66F006C691B /* Build configuration list for PBXNativeTarget "Philosophy101OfflineEdition" */ = {
			isa = XCConfigurationList;
			buildConfigurations = (
				706CB90B2911C66F006C691B /* Debug */,
				706CB90C2911C66F006C691B /* Release */,
			);
			defaultConfigurationIsVisible = 0;
			defaultConfigurationName = Release;
		};
/* End XCConfigurationList section */

/* Begin XCVersionGroup section */
		706CB8FF2911C66D006C691B /* Philosophy101OfflineEdition.xcdatamodeld */ = {
			isa = XCVersionGroup;
			children = (
				706CB9002911C66D006C691B /* Philosophy101OfflineEdition.xcdatamodel */,
			);
			currentVersion = 706CB9002911C66D006C691B /* Philosophy101OfflineEdition.xcdatamodel */;
			path = Philosophy101OfflineEdition.xcdatamodeld;
			sourceTree = "<group>";
			versionGroupType = wrapper.xcdatamodel;
		};
/* End XCVersionGroup section */
	};
	rootObject = 706CB8EB2911C66D006C691B /* Project object */;
}
